
Microsoft Visual Studio Solution File, Format Version 12.00
# Visual Studio 14
VisualStudioVersion = 14.0.24720.0
MinimumVisualStudioVersion = 10.0.40219.1
Project("{8BC9CEB8-8B4A-11D0-8D11-00A0C91BC942}") = "Adit", "Adit\Adit.vcxproj", "{3760A46F-F0A7-4993-B1F4-F88CE28ABF56}"
EndProject
Project("{8BC9CEB8-8B4A-11D0-8D11-00A0C91BC942}") = "LinearMath", "..\bullet3\build\src\LinearMath\LinearMath.vcxproj", "{79008505-FEDC-3F41-827C-6B81FF8D74AA}"
EndProject
Project("{8BC9CEB8-8B4A-11D0-8D11-00A0C91BC942}") = "BulletDynamics", "..\bullet3\build\src\BulletDynamics\BulletDynamics.vcxproj", "{3E107BC3-80D0-333D-BCBA-F08E584ADC36}"
EndProject
Project("{8BC9CEB8-8B4A-11D0-8D11-00A0C91BC942}") = "BulletCollision", "..\bullet3\build\src\BulletCollision\BulletCollision.vcxproj", "{7FF82699-FE23-313E-88DA-F1C9FE1A1DD9}"
EndProject
Project("{8BC9CEB8-8B4A-11D0-8D11-00A0C91BC942}") = "osgBullet", "osgBullet\osgBullet.vcxproj", "{2AEA85A2-7218-405A-AE6A-2FD1ACF9BE5C}"
EndProject
Project("{8BC9CEB8-8B4A-11D0-8D11-00A0C91BC942}") = "AditWorldGen", "..\WorldGen\build\AditWorldGen.vcxproj", "{5878C27C-B3AA-4C7F-A15D-D3C2C2036332}"
EndProject
Global
	GlobalSection(SolutionConfigurationPlatforms) = preSolution
		Debug|x64 = Debug|x64
		Debug|x86 = Debug|x86
		MinSizeRel|x64 = MinSizeRel|x64
		MinSizeRel|x86 = MinSizeRel|x86
		Release|x64 = Release|x64
		Release|x86 = Release|x86
		RelWithDebInfo|x64 = RelWithDebInfo|x64
		RelWithDebInfo|x86 = RelWithDebInfo|x86
	EndGlobalSection
	GlobalSection(ProjectConfigurationPlatforms) = postSolution
		{3760A46F-F0A7-4993-B1F4-F88CE28ABF56}.Debug|x64.ActiveCfg = Debug|x64
		{3760A46F-F0A7-4993-B1F4-F88CE28ABF56}.Debug|x64.Build.0 = Debug|x64
		{3760A46F-F0A7-4993-B1F4-F88CE28ABF56}.Debug|x86.ActiveCfg = Debug|Win32
		{3760A46F-F0A7-4993-B1F4-F88CE28ABF56}.Debug|x86.Build.0 = Debug|Win32
		{3760A46F-F0A7-4993-B1F4-F88CE28ABF56}.MinSizeRel|x64.ActiveCfg = Release|x64
		{3760A46F-F0A7-4993-B1F4-F88CE28ABF56}.MinSizeRel|x64.Build.0 = Release|x64
		{3760A46F-F0A7-4993-B1F4-F88CE28ABF56}.MinSizeRel|x86.ActiveCfg = Release|Win32
		{3760A46F-F0A7-4993-B1F4-F88CE28ABF56}.MinSizeRel|x86.Build.0 = Release|Win32
		{3760A46F-F0A7-4993-B1F4-F88CE28ABF56}.Release|x64.ActiveCfg = Release|x64
		{3760A46F-F0A7-4993-B1F4-F88CE28ABF56}.Release|x64.Build.0 = Release|x64
		{3760A46F-F0A7-4993-B1F4-F88CE28ABF56}.Release|x86.ActiveCfg = Release|Win32
		{3760A46F-F0A7-4993-B1F4-F88CE28ABF56}.Release|x86.Build.0 = Release|Win32
		{3760A46F-F0A7-4993-B1F4-F88CE28ABF56}.RelWithDebInfo|x64.ActiveCfg = Release|x64
		{3760A46F-F0A7-4993-B1F4-F88CE28ABF56}.RelWithDebInfo|x64.Build.0 = Release|x64
		{3760A46F-F0A7-4993-B1F4-F88CE28ABF56}.RelWithDebInfo|x86.ActiveCfg = Release|Win32
		{3760A46F-F0A7-4993-B1F4-F88CE28ABF56}.RelWithDebInfo|x86.Build.0 = Release|Win32
		{79008505-FEDC-3F41-827C-6B81FF8D74AA}.Debug|x64.ActiveCfg = Debug|x64
		{79008505-FEDC-3F41-827C-6B81FF8D74AA}.Debug|x64.Build.0 = Debug|x64
		{79008505-FEDC-3F41-827C-6B81FF8D74AA}.Debug|x86.ActiveCfg = Debug|x64
		{79008505-FEDC-3F41-827C-6B81FF8D74AA}.MinSizeRel|x64.ActiveCfg = MinSizeRel|x64
		{79008505-FEDC-3F41-827C-6B81FF8D74AA}.MinSizeRel|x64.Build.0 = MinSizeRel|x64
		{79008505-FEDC-3F41-827C-6B81FF8D74AA}.MinSizeRel|x86.ActiveCfg = MinSizeRel|x64
		{79008505-FEDC-3F41-827C-6B81FF8D74AA}.Release|x64.ActiveCfg = Release|x64
		{79008505-FEDC-3F41-827C-6B81FF8D74AA}.Release|x64.Build.0 = Release|x64
		{79008505-FEDC-3F41-827C-6B81FF8D74AA}.Release|x86.ActiveCfg = Release|x64
		{79008505-FEDC-3F41-827C-6B81FF8D74AA}.RelWithDebInfo|x64.ActiveCfg = RelWithDebInfo|x64
		{79008505-FEDC-3F41-827C-6B81FF8D74AA}.RelWithDebInfo|x64.Build.0 = RelWithDebInfo|x64
		{79008505-FEDC-3F41-827C-6B81FF8D74AA}.RelWithDebInfo|x86.ActiveCfg = RelWithDebInfo|x64
		{3E107BC3-80D0-333D-BCBA-F08E584ADC36}.Debug|x64.ActiveCfg = Debug|x64
		{3E107BC3-80D0-333D-BCBA-F08E584ADC36}.Debug|x64.Build.0 = Debug|x64
		{3E107BC3-80D0-333D-BCBA-F08E584ADC36}.Debug|x86.ActiveCfg = Debug|x64
		{3E107BC3-80D0-333D-BCBA-F08E584ADC36}.MinSizeRel|x64.ActiveCfg = MinSizeRel|x64
		{3E107BC3-80D0-333D-BCBA-F08E584ADC36}.MinSizeRel|x64.Build.0 = MinSizeRel|x64
		{3E107BC3-80D0-333D-BCBA-F08E584ADC36}.MinSizeRel|x86.ActiveCfg = MinSizeRel|x64
		{3E107BC3-80D0-333D-BCBA-F08E584ADC36}.Release|x64.ActiveCfg = Release|x64
		{3E107BC3-80D0-333D-BCBA-F08E584ADC36}.Release|x64.Build.0 = Release|x64
		{3E107BC3-80D0-333D-BCBA-F08E584ADC36}.Release|x86.ActiveCfg = Release|x64
		{3E107BC3-80D0-333D-BCBA-F08E584ADC36}.RelWithDebInfo|x64.ActiveCfg = RelWithDebInfo|x64
		{3E107BC3-80D0-333D-BCBA-F08E584ADC36}.RelWithDebInfo|x64.Build.0 = RelWithDebInfo|x64
		{3E107BC3-80D0-333D-BCBA-F08E584ADC36}.RelWithDebInfo|x86.ActiveCfg = RelWithDebInfo|x64
		{7FF82699-FE23-313E-88DA-F1C9FE1A1DD9}.Debug|x64.ActiveCfg = Debug|x64
		{7FF82699-FE23-313E-88DA-F1C9FE1A1DD9}.Debug|x64.Build.0 = Debug|x64
		{7FF82699-FE23-313E-88DA-F1C9FE1A1DD9}.Debug|x86.ActiveCfg = Debug|x64
		{7FF82699-FE23-313E-88DA-F1C9FE1A1DD9}.MinSizeRel|x64.ActiveCfg = MinSizeRel|x64
		{7FF82699-FE23-313E-88DA-F1C9FE1A1DD9}.MinSizeRel|x64.Build.0 = MinSizeRel|x64
		{7FF82699-FE23-313E-88DA-F1C9FE1A1DD9}.MinSizeRel|x86.ActiveCfg = MinSizeRel|x64
		{7FF82699-FE23-313E-88DA-F1C9FE1A1DD9}.Release|x64.ActiveCfg = Release|x64
		{7FF82699-FE23-313E-88DA-F1C9FE1A1DD9}.Release|x64.Build.0 = Release|x64
		{7FF82699-FE23-313E-88DA-F1C9FE1A1DD9}.Release|x86.ActiveCfg = Release|x64
		{7FF82699-FE23-313E-88DA-F1C9FE1A1DD9}.RelWithDebInfo|x64.ActiveCfg = RelWithDebInfo|x64
		{7FF82699-FE23-313E-88DA-F1C9FE1A1DD9}.RelWithDebInfo|x64.Build.0 = RelWithDebInfo|x64
		{7FF82699-FE23-313E-88DA-F1C9FE1A1DD9}.RelWithDebInfo|x86.ActiveCfg = RelWithDebInfo|x64
		{2AEA85A2-7218-405A-AE6A-2FD1ACF9BE5C}.Debug|x64.ActiveCfg = Debug|x64
		{2AEA85A2-7218-405A-AE6A-2FD1ACF9BE5C}.Debug|x64.Build.0 = Debug|x64
		{2AEA85A2-7218-405A-AE6A-2FD1ACF9BE5C}.Debug|x86.ActiveCfg = Debug|Win32
		{2AEA85A2-7218-405A-AE6A-2FD1ACF9BE5C}.Debug|x86.Build.0 = Debug|Win32
		{2AEA85A2-7218-405A-AE6A-2FD1ACF9BE5C}.MinSizeRel|x64.ActiveCfg = Release|x64
		{2AEA85A2-7218-405A-AE6A-2FD1ACF9BE5C}.MinSizeRel|x64.Build.0 = Release|x64
		{2AEA85A2-7218-405A-AE6A-2FD1ACF9BE5C}.MinSizeRel|x86.ActiveCfg = Release|Win32
		{2AEA85A2-7218-405A-AE6A-2FD1ACF9BE5C}.MinSizeRel|x86.Build.0 = Release|Win32
		{2AEA85A2-7218-405A-AE6A-2FD1ACF9BE5C}.Release|x64.ActiveCfg = Release|x64
		{2AEA85A2-7218-405A-AE6A-2FD1ACF9BE5C}.Release|x64.Build.0 = Release|x64
		{2AEA85A2-7218-405A-AE6A-2FD1ACF9BE5C}.Release|x86.ActiveCfg = Release|Win32
		{2AEA85A2-7218-405A-AE6A-2FD1ACF9BE5C}.Release|x86.Build.0 = Release|Win32
		{2AEA85A2-7218-405A-AE6A-2FD1ACF9BE5C}.RelWithDebInfo|x64.ActiveCfg = Release|x64
		{2AEA85A2-7218-405A-AE6A-2FD1ACF9BE5C}.RelWithDebInfo|x64.Build.0 = Release|x64
		{2AEA85A2-7218-405A-AE6A-2FD1ACF9BE5C}.RelWithDebInfo|x86.ActiveCfg = Release|Win32
		{2AEA85A2-7218-405A-AE6A-2FD1ACF9BE5C}.RelWithDebInfo|x86.Build.0 = Release|Win32
		{5878C27C-B3AA-4C7F-A15D-D3C2C2036332}.Debug|x64.ActiveCfg = Debug|x64
		{5878C27C-B3AA-4C7F-A15D-D3C2C2036332}.Debug|x64.Build.0 = Debug|x64
		{5878C27C-B3AA-4C7F-A15D-D3C2C2036332}.Debug|x86.ActiveCfg = Debug|Win32
		{5878C27C-B3AA-4C7F-A15D-D3C2C2036332}.Debug|x86.Build.0 = Debug|Win32
		{5878C27C-B3AA-4C7F-A15D-D3C2C2036332}.MinSizeRel|x64.ActiveCfg = Release|x64
		{5878C27C-B3AA-4C7F-A15D-D3C2C2036332}.MinSizeRel|x64.Build.0 = Release|x64
		{5878C27C-B3AA-4C7F-A15D-D3C2C2036332}.MinSizeRel|x86.ActiveCfg = Release|Win32
		{5878C27C-B3AA-4C7F-A15D-D3C2C2036332}.MinSizeRel|x86.Build.0 = Release|Win32
		{5878C27C-B3AA-4C7F-A15D-D3C2C2036332}.Release|x64.ActiveCfg = Release|x64
		{5878C27C-B3AA-4C7F-A15D-D3C2C2036332}.Release|x64.Build.0 = Release|x64
		{5878C27C-B3AA-4C7F-A15D-D3C2C2036332}.Release|x86.ActiveCfg = Release|Win32
		{5878C27C-B3AA-4C7F-A15D-D3C2C2036332}.Release|x86.Build.0 = Release|Win32
		{5878C27C-B3AA-4C7F-A15D-D3C2C2036332}.RelWithDebInfo|x64.ActiveCfg = Release|x64
		{5878C27C-B3AA-4C7F-A15D-D3C2C2036332}.RelWithDebInfo|x64.Build.0 = Release|x64
		{5878C27C-B3AA-4C7F-A15D-D3C2C2036332}.RelWithDebInfo|x86.ActiveCfg = Release|Win32
		{5878C27C-B3AA-4C7F-A15D-D3C2C2036332}.RelWithDebInfo|x86.Build.0 = Release|Win32
	EndGlobalSection
	GlobalSection(SolutionProperties) = preSolution
		HideSolutionNode = FALSE
	EndGlobalSection
EndGlobal
