<?xml version="1.0" encoding="utf-8"?>
<Project ToolsVersion="4.0" xmlns="http://schemas.microsoft.com/developer/msbuild/2003">
  <ItemGroup>
    <Filter Include="Source Files">
      <UniqueIdentifier>{4FC737F1-C7A5-4376-A066-2A32D752A2FF}</UniqueIdentifier>
      <Extensions>cpp;c;cc;cxx;def;odl;idl;hpj;bat;asm;asmx</Extensions>
    </Filter>
    <Filter Include="Header Files">
      <UniqueIdentifier>{93995380-89BD-4b04-88EB-625FBE52EBFB}</UniqueIdentifier>
      <Extensions>h;hh;hpp;hxx;hm;inl;inc;xsd</Extensions>
    </Filter>
    <Filter Include="Resource Files">
      <UniqueIdentifier>{67DA6AB6-F800-4c08-8B7A-83BB121AAD01}</UniqueIdentifier>
      <Extensions>rc;ico;cur;bmp;dlg;rc2;rct;bin;rgs;gif;jpg;jpeg;jpe;resx;tiff;tif;png;wav;mfcribbon-ms</Extensions>
    </Filter>
  </ItemGroup>
  <ItemGroup>
    <ClCompile Include="osgbCollision\BoundingCone.cpp">
      <Filter>Source Files</Filter>
    </ClCompile>
    <ClCompile Include="osgbCollision\BoundingCylinder.cpp">
      <Filter>Source Files</Filter>
    </ClCompile>
    <ClCompile Include="osgbCollision\Chart.cpp">
      <Filter>Source Files</Filter>
    </ClCompile>
    <ClCompile Include="osgbCollision\CollectVerticesVisitor.cpp">
      <Filter>Source Files</Filter>
    </ClCompile>
    <ClCompile Include="osgbCollision\CollisionShapes.cpp">
      <Filter>Source Files</Filter>
    </ClCompile>
    <ClCompile Include="osgbCollision\ComputeCylinderVisitor.cpp">
      <Filter>Source Files</Filter>
    </ClCompile>
    <ClCompile Include="osgbCollision\ComputeShapeVisitor.cpp">
      <Filter>Source Files</Filter>
    </ClCompile>
    <ClCompile Include="osgbCollision\ComputeTriMeshVisitor.cpp">
      <Filter>Source Files</Filter>
    </ClCompile>
    <ClCompile Include="osgbCollision\GLDebugDrawer.cpp">
      <Filter>Source Files</Filter>
    </ClCompile>
    <ClCompile Include="osgbCollision\Utils.cpp">
      <Filter>Source Files</Filter>
    </ClCompile>
    <ClCompile Include="osgbCollision\Version.cpp">
      <Filter>Source Files</Filter>
    </ClCompile>
    <ClCompile Include="osgbCollision\VertexAggOp.cpp">
      <Filter>Source Files</Filter>
    </ClCompile>
    <ClCompile Include="osgbDynamics\Constraints.cpp">
      <Filter>Source Files</Filter>
    </ClCompile>
    <ClCompile Include="osgbDynamics\CreationRecord.cpp">
      <Filter>Source Files</Filter>
    </ClCompile>
    <ClCompile Include="osgbDynamics\GroundPlane.cpp">
      <Filter>Source Files</Filter>
    </ClCompile>
    <ClCompile Include="osgbDynamics\MotionState.cpp">
      <Filter>Source Files</Filter>
    </ClCompile>
    <ClCompile Include="osgbDynamics\PhysicsState.cpp">
      <Filter>Source Files</Filter>
    </ClCompile>
    <ClCompile Include="osgbDynamics\PhysicsThread.cpp">
      <Filter>Source Files</Filter>
    </ClCompile>
    <ClCompile Include="osgbDynamics\RigidBody.cpp">
      <Filter>Source Files</Filter>
    </ClCompile>
    <ClCompile Include="osgbDynamics\RigidBodyAnimation.cpp">
      <Filter>Source Files</Filter>
    </ClCompile>
    <ClCompile Include="osgbDynamics\TripleBuffer.cpp">
      <Filter>Source Files</Filter>
    </ClCompile>
    <ClCompile Include="osgbInteraction\ArticulationRecord.cpp">
      <Filter>Source Files</Filter>
    </ClCompile>
    <ClCompile Include="osgbInteraction\DragHandler.cpp">
      <Filter>Source Files</Filter>
    </ClCompile>
    <ClCompile Include="osgbInteraction\GestureHandler.cpp">
      <Filter>Source Files</Filter>
    </ClCompile>
    <ClCompile Include="osgbInteraction\HandNode.cpp">
      <Filter>Source Files</Filter>
    </ClCompile>
    <ClCompile Include="osgbInteraction\HandTestEventHandler.cpp">
      <Filter>Source Files</Filter>
    </ClCompile>
    <ClCompile Include="osgbInteraction\LaunchHandler.cpp">
      <Filter>Source Files</Filter>
    </ClCompile>
    <ClCompile Include="osgbInteraction\SaveRestoreHandler.cpp">
      <Filter>Source Files</Filter>
    </ClCompile>
  </ItemGroup>
  <ItemGroup>
    <ClInclude Include="osgbCollision\BoundingCone.h">
      <Filter>Header Files</Filter>
    </ClInclude>
    <ClInclude Include="osgbCollision\BoundingCylinder.h">
      <Filter>Header Files</Filter>
    </ClInclude>
    <ClInclude Include="osgbCollision\Chart.h">
      <Filter>Header Files</Filter>
    </ClInclude>
    <ClInclude Include="osgbCollision\CollectVerticesVisitor.h">
      <Filter>Header Files</Filter>
    </ClInclude>
    <ClInclude Include="osgbCollision\CollisionShapes.h">
      <Filter>Header Files</Filter>
    </ClInclude>
    <ClInclude Include="osgbCollision\ComputeCylinderVisitor.h">
      <Filter>Header Files</Filter>
    </ClInclude>
    <ClInclude Include="osgbCollision\ComputeShapeVisitor.h">
      <Filter>Header Files</Filter>
    </ClInclude>
    <ClInclude Include="osgbCollision\ComputeTriMeshVisitor.h">
      <Filter>Header Files</Filter>
    </ClInclude>
    <ClInclude Include="osgbCollision\GLDebugDrawer.h">
      <Filter>Header Files</Filter>
    </ClInclude>
    <ClInclude Include="osgbCollision\RefBulletObject.h">
      <Filter>Header Files</Filter>
    </ClInclude>
    <ClInclude Include="osgbCollision\Utils.h">
      <Filter>Header Files</Filter>
    </ClInclude>
    <ClInclude Include="osgbCollision\Version.h">
      <Filter>Header Files</Filter>
    </ClInclude>
    <ClInclude Include="osgbCollision\VertexAggOp.h">
      <Filter>Header Files</Filter>
    </ClInclude>
    <ClInclude Include="osgbDynamics\Constraints.h">
      <Filter>Header Files</Filter>
    </ClInclude>
    <ClInclude Include="osgbDynamics\CreationRecord.h">
      <Filter>Header Files</Filter>
    </ClInclude>
    <ClInclude Include="osgbDynamics\GroundPlane.h">
      <Filter>Header Files</Filter>
    </ClInclude>
    <ClInclude Include="osgbDynamics\MotionState.h">
      <Filter>Header Files</Filter>
    </ClInclude>
    <ClInclude Include="osgbDynamics\PhysicsState.h">
      <Filter>Header Files</Filter>
    </ClInclude>
    <ClInclude Include="osgbDynamics\PhysicsThread.h">
      <Filter>Header Files</Filter>
    </ClInclude>
    <ClInclude Include="osgbDynamics\RigidBody.h">
      <Filter>Header Files</Filter>
    </ClInclude>
    <ClInclude Include="osgbDynamics\RigidBodyAnimation.h">
      <Filter>Header Files</Filter>
    </ClInclude>
    <ClInclude Include="osgbDynamics\TripleBuffer.h">
      <Filter>Header Files</Filter>
    </ClInclude>
    <ClInclude Include="osgbInteraction\ArticulationRecord.h">
      <Filter>Header Files</Filter>
    </ClInclude>
    <ClInclude Include="osgbInteraction\DragHandler.h">
      <Filter>Header Files</Filter>
    </ClInclude>
    <ClInclude Include="osgbInteraction\GestureHandler.h">
      <Filter>Header Files</Filter>
    </ClInclude>
    <ClInclude Include="osgbInteraction\HandNode.h">
      <Filter>Header Files</Filter>
    </ClInclude>
    <ClInclude Include="osgbInteraction\HandTestEventHandler.h">
      <Filter>Header Files</Filter>
    </ClInclude>
    <ClInclude Include="osgbInteraction\LaunchHandler.h">
      <Filter>Header Files</Filter>
    </ClInclude>
    <ClInclude Include="osgbInteraction\SaveRestoreHandler.h">
      <Filter>Header Files</Filter>
    </ClInclude>
    <ClInclude Include="resource.h">
      <Filter>Header Files</Filter>
    </ClInclude>
  </ItemGroup>
  <ItemGroup>
    <ResourceCompile Include="osgBullet.rc">
      <Filter>Resource Files</Filter>
    </ResourceCompile>
  </ItemGroup>
</Project>